{
  "name": "prod-6.3.1.02-demo-0.0.0.1",
  "version": "1.0.0",
  "lockfileVersion": 1,
  "requires": true,
  "dependencies": {
    "tki-qrcode": {
      "version": "0.1.5",
      "resolved": "https://registry.npmjs.org/tki-qrcode/-/tki-qrcode-0.1.5.tgz",
      "integrity": "sha512-zxRe5g7Lt7yHpuNs7OTHpZPsg8NBo/lfowtQqC4ERdfHZgGPN6FIqr98KUg9lgple3CNVnpQG31AfWZYyJZgrw=="
    }
  }
}
